dependencies:
  espressif/esp_modem:
    component_hash: 71c9f54fc512c60d93ea9763377ceb1d5b575a4616f3f3344440b97e2a38da29
    dependencies:
    - name: idf
      require: private
      version: '>=4.1'
    source:
      registry_url: https://components.espressif.com/
      type: service
    version: 1.4.3
  idf:
    source:
      type: idf
    version: 6.0.2
direct_dependencies:
- espressif/esp_modem
manifest_hash: 45494b4146e54ad0bfab150e7f511bd15f3b24327054699b32b7bd9032c60b10
target: esp32
version: 3.0.0
